
Microsoft Visual Studio Solution File, Format Version 12.00
# Visual Studio Version 16
VisualStudioVersion = 16.0.30711.63
MinimumVisualStudioVersion = 10.0.40219.1
Project("{9A19103F-16F7-4668-BE54-9A1E7A4F7556}") = "NE.ICS.Core", "NE.ICS.Core\NE.ICS.Core.csproj", "{F1E8FA82-E8E8-436A-9FA8-7D56888C5904}"
EndProject
Project("{9A19103F-16F7-4668-BE54-9A1E7A4F7556}") = "NE.ICS.Common", "NE.ICS.Common\NE.ICS.Common.csproj", "{2EA6CE25-94EC-42DE-BA70-D7B58433ADB8}"
EndProject
Project("{9A19103F-16F7-4668-BE54-9A1E7A4F7556}") = "NE.ICS.Attribute", "NE.ICS.Attribute\NE.ICS.Attribute.csproj", "{574872E0-07C7-48DC-9C60-F5B575757E62}"
EndProject
Project("{9A19103F-16F7-4668-BE54-9A1E7A4F7556}") = "NE.ICS.Repository", "NE.ICS.Repository\NE.ICS.Repository.csproj", "{4364BEE0-2514-4D9D-A86C-E63CFDF1817E}"
EndProject
Project("{9A19103F-16F7-4668-BE54-9A1E7A4F7556}") = "NE.ICS.Infrastructure", "NE.ICS.Infrastructure\NE.ICS.Infrastructure.csproj", "{8EE2D8ED-95C5-4453-9892-27D71D542B0D}"
EndProject
Project("{9A19103F-16F7-4668-BE54-9A1E7A4F7556}") = "NE.ICS.Interface", "NE.ICS.Interface\NE.ICS.Interface.csproj", "{CA1AF2F6-BE02-4EA1-B6C9-B109CBCBC5B2}"
EndProject
Project("{9A19103F-16F7-4668-BE54-9A1E7A4F7556}") = "NE.ICS.Service", "NE.ICS.Service\NE.ICS.Service.csproj", "{8E281ACC-DDCE-4861-8A09-D9F4A73AE7DF}"
EndProject
Project("{9A19103F-16F7-4668-BE54-9A1E7A4F7556}") = "NE.ICS.OAuth", "NE.ICS.OAuth\NE.ICS.OAuth.csproj", "{DE71905F-62D0-44BF-ACCD-048A28280A62}"
EndProject
Project("{9A19103F-16F7-4668-BE54-9A1E7A4F7556}") = "NE.ICS.RestStartup", "NE.ICS.Startup\NE.ICS.RestStartup.csproj", "{6987EF3A-6779-4C65-893D-9869AF24FC0E}"
EndProject
Project("{9A19103F-16F7-4668-BE54-9A1E7A4F7556}") = "NE.ICS.Extension", "NE.ICS.Extension\NE.ICS.Extension.csproj", "{8C32EE71-554E-4AEC-8CF4-FD04BE216F9F}"
EndProject
Project("{9A19103F-16F7-4668-BE54-9A1E7A4F7556}") = "NE.ICS.RestService", "NE.ICS.RestService\NE.ICS.RestService.csproj", "{0838E96E-8615-4226-A21D-22BB94255C8E}"
EndProject
Project("{2150E333-8FDC-42A3-9474-1A3956D46DE8}") = "NE.ICS.Startup", "NE.ICS.Startup", "{18ABCA47-3C96-4B3A-92E8-5489F32BE84A}"
EndProject
Project("{9A19103F-16F7-4668-BE54-9A1E7A4F7556}") = "NE.ICS.Interceptor", "NE.ICS.Interceptor\NE.ICS.Interceptor.csproj", "{9E65E931-8D47-4365-AC84-E4673FE7088F}"
EndProject
Project("{9A19103F-16F7-4668-BE54-9A1E7A4F7556}") = "NE.ICS.Domain", "NE.ICS.Domain\NE.ICS.Domain.csproj", "{BF631541-4B96-4543-875E-98329A7CFA48}"
EndProject
Project("{FAE04EC0-301F-11D3-BF4B-00C04F79EFBC}") = "NE.ICS.ORM", "NE.ICS.ORM\NE.ICS.ORM.csproj", "{A51481DA-1EA5-4CD9-98C9-C2FF5E710DB5}"
EndProject
Global
	GlobalSection(SolutionConfigurationPlatforms) = preSolution
		Debug|Any CPU = Debug|Any CPU
		Release|Any CPU = Release|Any CPU
	EndGlobalSection
	GlobalSection(ProjectConfigurationPlatforms) = postSolution
		{F1E8FA82-E8E8-436A-9FA8-7D56888C5904}.Debug|Any CPU.ActiveCfg = Debug|Any CPU
		{F1E8FA82-E8E8-436A-9FA8-7D56888C5904}.Debug|Any CPU.Build.0 = Debug|Any CPU
		{F1E8FA82-E8E8-436A-9FA8-7D56888C5904}.Release|Any CPU.ActiveCfg = Release|Any CPU
		{F1E8FA82-E8E8-436A-9FA8-7D56888C5904}.Release|Any CPU.Build.0 = Release|Any CPU
		{2EA6CE25-94EC-42DE-BA70-D7B58433ADB8}.Debug|Any CPU.ActiveCfg = Debug|Any CPU
		{2EA6CE25-94EC-42DE-BA70-D7B58433ADB8}.Debug|Any CPU.Build.0 = Debug|Any CPU
		{2EA6CE25-94EC-42DE-BA70-D7B58433ADB8}.Release|Any CPU.ActiveCfg = Release|Any CPU
		{2EA6CE25-94EC-42DE-BA70-D7B58433ADB8}.Release|Any CPU.Build.0 = Release|Any CPU
		{574872E0-07C7-48DC-9C60-F5B575757E62}.Debug|Any CPU.ActiveCfg = Debug|Any CPU
		{574872E0-07C7-48DC-9C60-F5B575757E62}.Debug|Any CPU.Build.0 = Debug|Any CPU
		{574872E0-07C7-48DC-9C60-F5B575757E62}.Release|Any CPU.ActiveCfg = Release|Any CPU
		{574872E0-07C7-48DC-9C60-F5B575757E62}.Release|Any CPU.Build.0 = Release|Any CPU
		{4364BEE0-2514-4D9D-A86C-E63CFDF1817E}.Debug|Any CPU.ActiveCfg = Debug|Any CPU
		{4364BEE0-2514-4D9D-A86C-E63CFDF1817E}.Debug|Any CPU.Build.0 = Debug|Any CPU
		{4364BEE0-2514-4D9D-A86C-E63CFDF1817E}.Release|Any CPU.ActiveCfg = Release|Any CPU
		{4364BEE0-2514-4D9D-A86C-E63CFDF1817E}.Release|Any CPU.Build.0 = Release|Any CPU
		{8EE2D8ED-95C5-4453-9892-27D71D542B0D}.Debug|Any CPU.ActiveCfg = Debug|Any CPU
		{8EE2D8ED-95C5-4453-9892-27D71D542B0D}.Debug|Any CPU.Build.0 = Debug|Any CPU
		{8EE2D8ED-95C5-4453-9892-27D71D542B0D}.Release|Any CPU.ActiveCfg = Release|Any CPU
		{8EE2D8ED-95C5-4453-9892-27D71D542B0D}.Release|Any CPU.Build.0 = Release|Any CPU
		{CA1AF2F6-BE02-4EA1-B6C9-B109CBCBC5B2}.Debug|Any CPU.ActiveCfg = Debug|Any CPU
		{CA1AF2F6-BE02-4EA1-B6C9-B109CBCBC5B2}.Debug|Any CPU.Build.0 = Debug|Any CPU
		{CA1AF2F6-BE02-4EA1-B6C9-B109CBCBC5B2}.Release|Any CPU.ActiveCfg = Release|Any CPU
		{CA1AF2F6-BE02-4EA1-B6C9-B109CBCBC5B2}.Release|Any CPU.Build.0 = Release|Any CPU
		{8E281ACC-DDCE-4861-8A09-D9F4A73AE7DF}.Debug|Any CPU.ActiveCfg = Debug|Any CPU
		{8E281ACC-DDCE-4861-8A09-D9F4A73AE7DF}.Debug|Any CPU.Build.0 = Debug|Any CPU
		{8E281ACC-DDCE-4861-8A09-D9F4A73AE7DF}.Release|Any CPU.ActiveCfg = Release|Any CPU
		{8E281ACC-DDCE-4861-8A09-D9F4A73AE7DF}.Release|Any CPU.Build.0 = Release|Any CPU
		{DE71905F-62D0-44BF-ACCD-048A28280A62}.Debug|Any CPU.ActiveCfg = Debug|Any CPU
		{DE71905F-62D0-44BF-ACCD-048A28280A62}.Debug|Any CPU.Build.0 = Debug|Any CPU
		{DE71905F-62D0-44BF-ACCD-048A28280A62}.Release|Any CPU.ActiveCfg = Release|Any CPU
		{DE71905F-62D0-44BF-ACCD-048A28280A62}.Release|Any CPU.Build.0 = Release|Any CPU
		{6987EF3A-6779-4C65-893D-9869AF24FC0E}.Debug|Any CPU.ActiveCfg = Debug|Any CPU
		{6987EF3A-6779-4C65-893D-9869AF24FC0E}.Debug|Any CPU.Build.0 = Debug|Any CPU
		{6987EF3A-6779-4C65-893D-9869AF24FC0E}.Release|Any CPU.ActiveCfg = Release|Any CPU
		{6987EF3A-6779-4C65-893D-9869AF24FC0E}.Release|Any CPU.Build.0 = Release|Any CPU
		{8C32EE71-554E-4AEC-8CF4-FD04BE216F9F}.Debug|Any CPU.ActiveCfg = Debug|Any CPU
		{8C32EE71-554E-4AEC-8CF4-FD04BE216F9F}.Debug|Any CPU.Build.0 = Debug|Any CPU
		{8C32EE71-554E-4AEC-8CF4-FD04BE216F9F}.Release|Any CPU.ActiveCfg = Release|Any CPU
		{8C32EE71-554E-4AEC-8CF4-FD04BE216F9F}.Release|Any CPU.Build.0 = Release|Any CPU
		{0838E96E-8615-4226-A21D-22BB94255C8E}.Debug|Any CPU.ActiveCfg = Debug|Any CPU
		{0838E96E-8615-4226-A21D-22BB94255C8E}.Debug|Any CPU.Build.0 = Debug|Any CPU
		{0838E96E-8615-4226-A21D-22BB94255C8E}.Release|Any CPU.ActiveCfg = Release|Any CPU
		{0838E96E-8615-4226-A21D-22BB94255C8E}.Release|Any CPU.Build.0 = Release|Any CPU
		{9E65E931-8D47-4365-AC84-E4673FE7088F}.Debug|Any CPU.ActiveCfg = Debug|Any CPU
		{9E65E931-8D47-4365-AC84-E4673FE7088F}.Debug|Any CPU.Build.0 = Debug|Any CPU
		{9E65E931-8D47-4365-AC84-E4673FE7088F}.Release|Any CPU.ActiveCfg = Release|Any CPU
		{9E65E931-8D47-4365-AC84-E4673FE7088F}.Release|Any CPU.Build.0 = Release|Any CPU
		{BF631541-4B96-4543-875E-98329A7CFA48}.Debug|Any CPU.ActiveCfg = Debug|Any CPU
		{BF631541-4B96-4543-875E-98329A7CFA48}.Debug|Any CPU.Build.0 = Debug|Any CPU
		{BF631541-4B96-4543-875E-98329A7CFA48}.Release|Any CPU.ActiveCfg = Release|Any CPU
		{BF631541-4B96-4543-875E-98329A7CFA48}.Release|Any CPU.Build.0 = Release|Any CPU
		{A51481DA-1EA5-4CD9-98C9-C2FF5E710DB5}.Debug|Any CPU.ActiveCfg = Debug|Any CPU
		{A51481DA-1EA5-4CD9-98C9-C2FF5E710DB5}.Debug|Any CPU.Build.0 = Debug|Any CPU
		{A51481DA-1EA5-4CD9-98C9-C2FF5E710DB5}.Release|Any CPU.ActiveCfg = Release|Any CPU
		{A51481DA-1EA5-4CD9-98C9-C2FF5E710DB5}.Release|Any CPU.Build.0 = Release|Any CPU
	EndGlobalSection
	GlobalSection(SolutionProperties) = preSolution
		HideSolutionNode = FALSE
	EndGlobalSection
	GlobalSection(NestedProjects) = preSolution
		{6987EF3A-6779-4C65-893D-9869AF24FC0E} = {18ABCA47-3C96-4B3A-92E8-5489F32BE84A}
		{0838E96E-8615-4226-A21D-22BB94255C8E} = {18ABCA47-3C96-4B3A-92E8-5489F32BE84A}
	EndGlobalSection
	GlobalSection(ExtensibilityGlobals) = postSolution
		SolutionGuid = {FE2FADAF-12A4-43F5-9B0C-5C6A9CF27AD8}
	EndGlobalSection
EndGlobal
